{
  "pins" : [
    {
      "identity" : "ncw-ios-sdk",
      "kind" : "remoteSourceControl",
      "location" : "https://github.com/fireblocks/ncw-ios-sdk.git",
      "state" : {
        "revision" : "a2f31bd56388f407c178cb20fb755239e233bc7f",
        "version" : "2.9.1"
      }
    }
  ],
  "version" : 2
}
